// !$*UTF8*$!
{
	archiveVersion = 1;
	classes = {
	};
	objectVersion = 50;
	objects = {

/* Begin PBXBuildFile section */
		1338474C25C947A00051FED9 /* CapsuleEnd.swift in Sources */ = {isa = PBXBuildFile; fileRef = 1338474B25C947A00051FED9 /* CapsuleEnd.swift */; };
		1338474F25C95F300051FED9 /* WindowedCapsule.swift in Sources */ = {isa = PBXBuildFile; fileRef = 1338474E25C95F300051FED9 /* WindowedCapsule.swift */; };
		1362794625F9D2C800015DDA /* Gender.swift in Sources */ = {isa = PBXBuildFile; fileRef = 1362794525F9D2C800015DDA /* Gender.swift */; };
		1367DE3E25F9EE7100E22A96 /* EdgeBorder.swift in Sources */ = {isa = PBXBuildFile; fileRef = 1367DE3D25F9EE7100E22A96 /* EdgeBorder.swift */; };
		13C61C7725F9DFD800412D0A /* OrdinanceSelector.swift in Sources */ = {isa = PBXBuildFile; fileRef = 13C61C7625F9DFD800412D0A /* OrdinanceSelector.swift */; };
		1EB194AE25B423D500A67C5F /* junk_AncestorDetailViewApp.swift in Sources */ = {isa = PBXBuildFile; fileRef = 1EB194AD25B423D500A67C5F /* junk_AncestorDetailViewApp.swift */; };
		1EB194B025B423D500A67C5F /* AncestorDetailView.swift in Sources */ = {isa = PBXBuildFile; fileRef = 1EB194AF25B423D500A67C5F /* AncestorDetailView.swift */; };
		1EB194B225B423D600A67C5F /* Assets.xcassets in Resources */ = {isa = PBXBuildFile; fileRef = 1EB194B125B423D600A67C5F /* Assets.xcassets */; };
		1EB194B525B423D600A67C5F /* Preview Assets.xcassets in Resources */ = {isa = PBXBuildFile; fileRef = 1EB194B425B423D600A67C5F /* Preview Assets.xcassets */; };
		1EB194BE25B4254E00A67C5F /* Ancestor.swift in Sources */ = {isa = PBXBuildFile; fileRef = 1EB194BD25B4254D00A67C5F /* Ancestor.swift */; };
		1EB194C225B426A300A67C5F /* Ordinance.swift in Sources */ = {isa = PBXBuildFile; fileRef = 1EB194C125B426A300A67C5F /* Ordinance.swift */; };
		1EB194C825B44BF600A67C5F /* OrdinanceProgress.swift in Sources */ = {isa = PBXBuildFile; fileRef = 1EB194C725B44BF600A67C5F /* OrdinanceProgress.swift */; };
		1EB194CB25B44E8800A67C5F /* ViewExtensions.swift in Sources */ = {isa = PBXBuildFile; fileRef = 1EB194CA25B44E8800A67C5F /* ViewExtensions.swift */; };
/* End PBXBuildFile section */

/* Begin PBXFileReference section */
		1338474B25C947A00051FED9 /* CapsuleEnd.swift */ = {isa = PBXFileReference; lastKnownFileType = sourcecode.swift; path = CapsuleEnd.swift; sourceTree = "<group>"; };
		1338474E25C95F300051FED9 /* WindowedCapsule.swift */ = {isa = PBXFileReference; lastKnownFileType = sourcecode.swift; path = WindowedCapsule.swift; sourceTree = "<group>"; };
		1362794525F9D2C800015DDA /* Gender.swift */ = {isa = PBXFileReference; lastKnownFileType = sourcecode.swift; path = Gender.swift; sourceTree = "<group>"; };
		1367DE3D25F9EE7100E22A96 /* EdgeBorder.swift */ = {isa = PBXFileReference; lastKnownFileType = sourcecode.swift; path = EdgeBorder.swift; sourceTree = "<group>"; };
		13C61C7625F9DFD800412D0A /* OrdinanceSelector.swift */ = {isa = PBXFileReference; lastKnownFileType = sourcecode.swift; path = OrdinanceSelector.swift; sourceTree = "<group>"; };
		1EB194AA25B423D500A67C5F /* junk_AncestorDetailView.app */ = {isa = PBXFileReference; explicitFileType = wrapper.application; includeInIndex = 0; path = junk_AncestorDetailView.app; sourceTree = BUILT_PRODUCTS_DIR; };
		1EB194AD25B423D500A67C5F /* junk_AncestorDetailViewApp.swift */ = {isa = PBXFileReference; lastKnownFileType = sourcecode.swift; path = junk_AncestorDetailViewApp.swift; sourceTree = "<group>"; };
		1EB194AF25B423D500A67C5F /* AncestorDetailView.swift */ = {isa = PBXFileReference; lastKnownFileType = sourcecode.swift; path = AncestorDetailView.swift; sourceTree = "<group>"; };
		1EB194B125B423D600A67C5F /* Assets.xcassets */ = {isa = PBXFileReference; lastKnownFileType = folder.assetcatalog; path = Assets.xcassets; sourceTree = "<group>"; };
		1EB194B425B423D600A67C5F /* Preview Assets.xcassets */ = {isa = PBXFileReference; lastKnownFileType = folder.assetcatalog; path = "Preview Assets.xcassets"; sourceTree = "<group>"; };
		1EB194B625B423D600A67C5F /* Info.plist */ = {isa = PBXFileReference; lastKnownFileType = text.plist.xml; path = Info.plist; sourceTree = "<group>"; };
		1EB194BD25B4254D00A67C5F /* Ancestor.swift */ = {isa = PBXFileReference; lastKnownFileType = sourcecode.swift; path = Ancestor.swift; sourceTree = "<group>"; };
		1EB194C125B426A300A67C5F /* Ordinance.swift */ = {isa = PBXFileReference; lastKnownFileType = sourcecode.swift; path = Ordinance.swift; sourceTree = "<group>"; };
		1EB194C725B44BF600A67C5F /* OrdinanceProgress.swift */ = {isa = PBXFileReference; lastKnownFileType = sourcecode.swift; path = OrdinanceProgress.swift; sourceTree = "<group>"; };
		1EB194CA25B44E8800A67C5F /* ViewExtensions.swift */ = {isa = PBXFileReference; lastKnownFileType = sourcecode.swift; path = ViewExtensions.swift; sourceTree = "<group>"; };
/* End PBXFileReference section */

/* Begin PBXFrameworksBuildPhase section */
		1EB194A725B423D500A67C5F /* Frameworks */ = {
			isa = PBXFrameworksBuildPhase;
			buildActionMask = 2147483647;
			files = (
			);
			runOnlyForDeploymentPostprocessing = 0;
		};
/* End PBXFrameworksBuildPhase section */

/* Begin PBXGroup section */
		1338474A25C9478A0051FED9 /* Shapes */ = {
			isa = PBXGroup;
			children = (
				1338474B25C947A00051FED9 /* CapsuleEnd.swift */,
				1338474E25C95F300051FED9 /* WindowedCapsule.swift */,
				1367DE3D25F9EE7100E22A96 /* EdgeBorder.swift */,
			);
			path = Shapes;
			sourceTree = "<group>";
		};
		1362794325F9D26F00015DDA /* Models */ = {
			isa = PBXGroup;
			children = (
				1EB194BD25B4254D00A67C5F /* Ancestor.swift */,
				1EB194C125B426A300A67C5F /* Ordinance.swift */,
				1362794525F9D2C800015DDA /* Gender.swift */,
			);
			path = Models;
			sourceTree = "<group>";
		};
		1362794425F9D28B00015DDA /* Views */ = {
			isa = PBXGroup;
			children = (
				1EB194CA25B44E8800A67C5F /* ViewExtensions.swift */,
				1EB194AF25B423D500A67C5F /* AncestorDetailView.swift */,
				1EB194C725B44BF600A67C5F /* OrdinanceProgress.swift */,
				13C61C7625F9DFD800412D0A /* OrdinanceSelector.swift */,
			);
			path = Views;
			sourceTree = "<group>";
		};
		1EB194A125B423D500A67C5F = {
			isa = PBXGroup;
			children = (
				1EB194AC25B423D500A67C5F /* junk_AncestorDetailView */,
				1EB194AB25B423D500A67C5F /* Products */,
			);
			sourceTree = "<group>";
		};
		1EB194AB25B423D500A67C5F /* Products */ = {
			isa = PBXGroup;
			children = (
				1EB194AA25B423D500A67C5F /* junk_AncestorDetailView.app */,
			);
			name = Products;
			sourceTree = "<group>";
		};
		1EB194AC25B423D500A67C5F /* junk_AncestorDetailView */ = {
			isa = PBXGroup;
			children = (
				1338474A25C9478A0051FED9 /* Shapes */,
				1EB194AD25B423D500A67C5F /* junk_AncestorDetailViewApp.swift */,
				1362794425F9D28B00015DDA /* Views */,
				1362794325F9D26F00015DDA /* Models */,
				1EB194B125B423D600A67C5F /* Assets.xcassets */,
				1EB194B625B423D600A67C5F /* Info.plist */,
				1EB194B325B423D600A67C5F /* Preview Content */,
			);
			path = junk_AncestorDetailView;
			sourceTree = "<group>";
		};
		1EB194B325B423D600A67C5F /* Preview Content */ = {
			isa = PBXGroup;
			children = (
				1EB194B425B423D600A67C5F /* Preview Assets.xcassets */,
			);
			path = "Preview Content";
			sourceTree = "<group>";
		};
/* End PBXGroup section */

/* Begin PBXNativeTarget section */
		1EB194A925B423D500A67C5F /* junk_AncestorDetailView */ = {
			isa = PBXNativeTarget;
			buildConfigurationList = 1EB194B925B423D600A67C5F /* Build configuration list for PBXNativeTarget "junk_AncestorDetailView" */;
			buildPhases = (
				1EB194A625B423D500A67C5F /* Sources */,
				1EB194A725B423D500A67C5F /* Frameworks */,
				1EB194A825B423D500A67C5F /* Resources */,
			);
			buildRules = (
			);
			dependencies = (
			);
			name = junk_AncestorDetailView;
			productName = junk_AncestorDetailView;
			productReference = 1EB194AA25B423D500A67C5F /* junk_AncestorDetailView.app */;
			productType = "com.apple.product-type.application";
		};
/* End PBXNativeTarget section */

/* Begin PBXProject section */
		1EB194A225B423D500A67C5F /* Project object */ = {
			isa = PBXProject;
			attributes = {
				LastSwiftUpdateCheck = 1230;
				LastUpgradeCheck = 1230;
				TargetAttributes = {
					1EB194A925B423D500A67C5F = {
						CreatedOnToolsVersion = 12.3;
					};
				};
			};
			buildConfigurationList = 1EB194A525B423D500A67C5F /* Build configuration list for PBXProject "junk_AncestorDetailView" */;
			compatibilityVersion = "Xcode 9.3";
			developmentRegion = en;
			hasScannedForEncodings = 0;
			knownRegions = (
				en,
				Base,
			);
			mainGroup = 1EB194A125B423D500A67C5F;
			productRefGroup = 1EB194AB25B423D500A67C5F /* Products */;
			projectDirPath = "";
			projectRoot = "";
			targets = (
				1EB194A925B423D500A67C5F /* junk_AncestorDetailView */,
			);
		};
/* End PBXProject section */

/* Begin PBXResourcesBuildPhase section */
		1EB194A825B423D500A67C5F /* Resources */ = {
			isa = PBXResourcesBuildPhase;
			buildActionMask = 2147483647;
			files = (
				1EB194B525B423D600A67C5F /* Preview Assets.xcassets in Resources */,
				1EB194B225B423D600A67C5F /* Assets.xcassets in Resources */,
			);
			runOnlyForDeploymentPostprocessing = 0;
		};
/* End PBXResourcesBuildPhase section */

/* Begin PBXSourcesBuildPhase section */
		1EB194A625B423D500A67C5F /* Sources */ = {
			isa = PBXSourcesBuildPhase;
			buildActionMask = 2147483647;
			files = (
				1338474C25C947A00051FED9 /* CapsuleEnd.swift in Sources */,
				1EB194B025B423D500A67C5F /* AncestorDetailView.swift in Sources */,
				1367DE3E25F9EE7100E22A96 /* EdgeBorder.swift in Sources */,
				1EB194C825B44BF600A67C5F /* OrdinanceProgress.swift in Sources */,
				1EB194C225B426A300A67C5F /* Ordinance.swift in Sources */,
				1EB194AE25B423D500A67C5F /* junk_AncestorDetailViewApp.swift in Sources */,
				1EB194CB25B44E8800A67C5F /* ViewExtensions.swift in Sources */,
				13C61C7725F9DFD800412D0A /* OrdinanceSelector.swift in Sources */,
				1362794625F9D2C800015DDA /* Gender.swift in Sources */,
				1338474F25C95F300051FED9 /* WindowedCapsule.swift in Sources */,
				1EB194BE25B4254E00A67C5F /* Ancestor.swift in Sources */,
			);
			runOnlyForDeploymentPostprocessing = 0;
		};
/* End PBXSourcesBuildPhase section */

/* Begin XCBuildConfiguration section */
		1EB194B725B423D600A67C5F /* Debug */ = {
			isa = XCBuildConfiguration;
			buildSettings = {
				ALWAYS_SEARCH_USER_PATHS = NO;
				CLANG_ANALYZER_NONNULL = YES;
				CLANG_ANALYZER_NUMBER_OBJECT_CONVERSION = YES_AGGRESSIVE;
				CLANG_CXX_LANGUAGE_STANDARD = "gnu++14";
				CLANG_CXX_LIBRARY = "libc++";
				CLANG_ENABLE_MODULES = YES;
				CLANG_ENABLE_OBJC_ARC = YES;
				CLANG_ENABLE_OBJC_WEAK = YES;
				CLANG_WARN_BLOCK_CAPTURE_AUTORELEASING = YES;
				CLANG_WARN_BOOL_CONVERSION = YES;
				CLANG_WARN_COMMA = YES;
				CLANG_WARN_CONSTANT_CONVERSION = YES;
				CLANG_WARN_DEPRECATED_OBJC_IMPLEMENTATIONS = YES;
				CLANG_WARN_DIRECT_OBJC_ISA_USAGE = YES_ERROR;
				CLANG_WARN_DOCUMENTATION_COMMENTS = YES;
				CLANG_WARN_EMPTY_BODY = YES;
				CLANG_WARN_ENUM_CONVERSION = YES;
				CLANG_WARN_INFINITE_RECURSION = YES;
				CLANG_WARN_INT_CONVERSION = YES;
				CLANG_WARN_NON_LITERAL_NULL_CONVERSION = YES;
				CLANG_WARN_OBJC_IMPLICIT_RETAIN_SELF = YES;
				CLANG_WARN_OBJC_LITERAL_CONVERSION = YES;
				CLANG_WARN_OBJC_ROOT_CLASS = YES_ERROR;
				CLANG_WARN_QUOTED_INCLUDE_IN_FRAMEWORK_HEADER = YES;
				CLANG_WARN_RANGE_LOOP_ANALYSIS = YES;
				CLANG_WARN_STRICT_PROTOTYPES = YES;
				CLANG_WARN_SUSPICIOUS_MOVE = YES;
				CLANG_WARN_UNGUARDED_AVAILABILITY = YES_AGGRESSIVE;
				CLANG_WARN_UNREACHABLE_CODE = YES;
				CLANG_WARN__DUPLICATE_METHOD_MATCH = YES;
				COPY_PHASE_STRIP = NO;
				DEBUG_INFORMATION_FORMAT = dwarf;
				ENABLE_STRICT_OBJC_MSGSEND = YES;
				ENABLE_TESTABILITY = YES;
				GCC_C_LANGUAGE_STANDARD = gnu11;
				GCC_DYNAMIC_NO_PIC = NO;
				GCC_NO_COMMON_BLOCKS = YES;
				GCC_OPTIMIZATION_LEVEL = 0;
				GCC_PREPROCESSOR_DEFINITIONS = (
					"DEBUG=1",
					"$(inherited)",
				);
				GCC_WARN_64_TO_32_BIT_CONVERSION = YES;
				GCC_WARN_ABOUT_RETURN_TYPE = YES_ERROR;
				GCC_WARN_UNDECLARED_SELECTOR = YES;
				GCC_WARN_UNINITIALIZED_AUTOS = YES_AGGRESSIVE;
				GCC_WARN_UNUSED_FUNCTION = YES;
				GCC_WARN_UNUSED_VARIABLE = YES;
				IPHONEOS_DEPLOYMENT_TARGET = 14.3;
				MTL_ENABLE_DEBUG_INFO = INCLUDE_SOURCE;
				MTL_FAST_MATH = YES;
				ONLY_ACTIVE_ARCH = YES;
				SDKROOT = iphoneos;
				SWIFT_ACTIVE_COMPILATION_CONDITIONS = DEBUG;
				SWIFT_OPTIMIZATION_LEVEL = "-Onone";
			};
			name = Debug;
		};
		1EB194B825B423D600A67C5F /* Release */ = {
			isa = XCBuildConfiguration;
			buildSettings = {
				ALWAYS_SEARCH_USER_PATHS = NO;
				CLANG_ANALYZER_NONNULL = YES;
				CLANG_ANALYZER_NUMBER_OBJECT_CONVERSION = YES_AGGRESSIVE;
				CLANG_CXX_LANGUAGE_STANDARD = "gnu++14";
				CLANG_CXX_LIBRARY = "libc++";
				CLANG_ENABLE_MODULES = YES;
				CLANG_ENABLE_OBJC_ARC = YES;
				CLANG_ENABLE_OBJC_WEAK = YES;
				CLANG_WARN_BLOCK_CAPTURE_AUTORELEASING = YES;
				CLANG_WARN_BOOL_CONVERSION = YES;
				CLANG_WARN_COMMA = YES;
				CLANG_WARN_CONSTANT_CONVERSION = YES;
				CLANG_WARN_DEPRECATED_OBJC_IMPLEMENTATIONS = YES;
				CLANG_WARN_DIRECT_OBJC_ISA_USAGE = YES_ERROR;
				CLANG_WARN_DOCUMENTATION_COMMENTS = YES;
				CLANG_WARN_EMPTY_BODY = YES;
				CLANG_WARN_ENUM_CONVERSION = YES;
				CLANG_WARN_INFINITE_RECURSION = YES;
				CLANG_WARN_INT_CONVERSION = YES;
				CLANG_WARN_NON_LITERAL_NULL_CONVERSION = YES;
				CLANG_WARN_OBJC_IMPLICIT_RETAIN_SELF = YES;
				CLANG_WARN_OBJC_LITERAL_CONVERSION = YES;
				CLANG_WARN_OBJC_ROOT_CLASS = YES_ERROR;
				CLANG_WARN_QUOTED_INCLUDE_IN_FRAMEWORK_HEADER = YES;
				CLANG_WARN_RANGE_LOOP_ANALYSIS = YES;
				CLANG_WARN_STRICT_PROTOTYPES = YES;
				CLANG_WARN_SUSPICIOUS_MOVE = YES;
				CLANG_WARN_UNGUARDED_AVAILABILITY = YES_AGGRESSIVE;
				CLANG_WARN_UNREACHABLE_CODE = YES;
				CLANG_WARN__DUPLICATE_METHOD_MATCH = YES;
				COPY_PHASE_STRIP = NO;
				DEBUG_INFORMATION_FORMAT = "dwarf-with-dsym";
				ENABLE_NS_ASSERTIONS = NO;
				ENABLE_STRICT_OBJC_MSGSEND = YES;
				GCC_C_LANGUAGE_STANDARD = gnu11;
				GCC_NO_COMMON_BLOCKS = YES;
				GCC_WARN_64_TO_32_BIT_CONVERSION = YES;
				GCC_WARN_ABOUT_RETURN_TYPE = YES_ERROR;
				GCC_WARN_UNDECLARED_SELECTOR = YES;
				GCC_WARN_UNINITIALIZED_AUTOS = YES_AGGRESSIVE;
				GCC_WARN_UNUSED_FUNCTION = YES;
				GCC_WARN_UNUSED_VARIABLE = YES;
				IPHONEOS_DEPLOYMENT_TARGET = 14.3;
				MTL_ENABLE_DEBUG_INFO = NO;
				MTL_FAST_MATH = YES;
				SDKROOT = iphoneos;
				SWIFT_COMPILATION_MODE = wholemodule;
				SWIFT_OPTIMIZATION_LEVEL = "-O";
				VALIDATE_PRODUCT = YES;
			};
			name = Release;
		};
		1EB194BA25B423D600A67C5F /* Debug */ = {
			isa = XCBuildConfiguration;
			buildSettings = {
				ASSETCATALOG_COMPILER_APPICON_NAME = AppIcon;
				ASSETCATALOG_COMPILER_GLOBAL_ACCENT_COLOR_NAME = AccentColor;
				CODE_SIGN_IDENTITY = "Apple Development";
				CODE_SIGN_STYLE = Automatic;
				DEVELOPMENT_ASSET_PATHS = "\"junk_AncestorDetailView/Preview Content\"";
				DEVELOPMENT_TEAM = ZULRH345LL;
				ENABLE_PREVIEWS = YES;
				INFOPLIST_FILE = junk_AncestorDetailView/Info.plist;
				IPHONEOS_DEPLOYMENT_TARGET = 14.0;
				LD_RUNPATH_SEARCH_PATHS = (
					"$(inherited)",
					"@executable_path/Frameworks",
				);
				PRODUCT_BUNDLE_IDENTIFIER = "example.nicholes.junk-AncestorDetailView";
				PRODUCT_NAME = "$(TARGET_NAME)";
				SWIFT_VERSION = 5.0;
				TARGETED_DEVICE_FAMILY = "1,2";
			};
			name = Debug;
		};
		1EB194BB25B423D600A67C5F /* Release */ = {
			isa = XCBuildConfiguration;
			buildSettings = {
				ASSETCATALOG_COMPILER_APPICON_NAME = AppIcon;
				ASSETCATALOG_COMPILER_GLOBAL_ACCENT_COLOR_NAME = AccentColor;
				CODE_SIGN_IDENTITY = "Apple Development";
				CODE_SIGN_STYLE = Automatic;
				DEVELOPMENT_ASSET_PATHS = "\"junk_AncestorDetailView/Preview Content\"";
				DEVELOPMENT_TEAM = ZULRH345LL;
				ENABLE_PREVIEWS = YES;
				INFOPLIST_FILE = junk_AncestorDetailView/Info.plist;
				IPHONEOS_DEPLOYMENT_TARGET = 14.0;
				LD_RUNPATH_SEARCH_PATHS = (
					"$(inherited)",
					"@executable_path/Frameworks",
				);
				PRODUCT_BUNDLE_IDENTIFIER = "example.nicholes.junk-AncestorDetailView";
				PRODUCT_NAME = "$(TARGET_NAME)";
				SWIFT_VERSION = 5.0;
				TARGETED_DEVICE_FAMILY = "1,2";
			};
			name = Release;
		};
/* End XCBuildConfiguration section */

/* Begin XCConfigurationList section */
		1EB194A525B423D500A67C5F /* Build configuration list for PBXProject "junk_AncestorDetailView" */ = {
			isa = XCConfigurationList;
			buildConfigurations = (
				1EB194B725B423D600A67C5F /* Debug */,
				1EB194B825B423D600A67C5F /* Release */,
			);
			defaultConfigurationIsVisible = 0;
			defaultConfigurationName = Release;
		};
		1EB194B925B423D600A67C5F /* Build configuration list for PBXNativeTarget "junk_AncestorDetailView" */ = {
			isa = XCConfigurationList;
			buildConfigurations = (
				1EB194BA25B423D600A67C5F /* Debug */,
				1EB194BB25B423D600A67C5F /* Release */,
			);
			defaultConfigurationIsVisible = 0;
			defaultConfigurationName = Release;
		};
/* End XCConfigurationList section */
	};
	rootObject = 1EB194A225B423D500A67C5F /* Project object */;
}
